// !$*UTF8*$!
{
	archiveVersion = 1;
	classes = {
	};
	objectVersion = 56;
	objects = {

/* Begin PBXBuildFile section */
		25294E7C2B67BA4A007A668F /* SeeAllController.swift in Sources */ = {isa = PBXBuildFile; fileRef = 25294E7B2B67BA4A007A668F /* SeeAllController.swift */; };
		25294E7F2B67C140007A668F /* SeeAllPageManager.swift in Sources */ = {isa = PBXBuildFile; fileRef = 25294E7E2B67C140007A668F /* SeeAllPageManager.swift */; };
		25294E822B67C195007A668F /* HomeUseCase.swift in Sources */ = {isa = PBXBuildFile; fileRef = 25294E812B67C195007A668F /* HomeUseCase.swift */; };
		25294E842B67C20E007A668F /* SeeAllPageViewModel.swift in Sources */ = {isa = PBXBuildFile; fileRef = 25294E832B67C20E007A668F /* SeeAllPageViewModel.swift */; };
		25294E872B67D6CE007A668F /* PetDetailsController.swift in Sources */ = {isa = PBXBuildFile; fileRef = 25294E862B67D6CE007A668F /* PetDetailsController.swift */; };
		25294E892B67D725007A668F /* PetDetailsManager.swift in Sources */ = {isa = PBXBuildFile; fileRef = 25294E882B67D725007A668F /* PetDetailsManager.swift */; };
		25294E8B2B67D735007A668F /* PetDetailsViewModel.swift in Sources */ = {isa = PBXBuildFile; fileRef = 25294E8A2B67D735007A668F /* PetDetailsViewModel.swift */; };
		25294E8D2B691145007A668F /* DataBase.swift in Sources */ = {isa = PBXBuildFile; fileRef = 25294E8C2B691145007A668F /* DataBase.swift */; };
		25294E902B691186007A668F /* Realm in Frameworks */ = {isa = PBXBuildFile; productRef = 25294E8F2B691186007A668F /* Realm */; };
		25294E922B691186007A668F /* RealmSwift in Frameworks */ = {isa = PBXBuildFile; productRef = 25294E912B691186007A668F /* RealmSwift */; };
		25294E952B6913A0007A668F /* Model.swift in Sources */ = {isa = PBXBuildFile; fileRef = 25294E942B6913A0007A668F /* Model.swift */; };
		25294E972B6ACC3D007A668F /* PetDetailsEndpoint.swift in Sources */ = {isa = PBXBuildFile; fileRef = 25294E962B6ACC3D007A668F /* PetDetailsEndpoint.swift */; };
		25294E992B6ACC4E007A668F /* PetDetailsModel.swift in Sources */ = {isa = PBXBuildFile; fileRef = 25294E982B6ACC4E007A668F /* PetDetailsModel.swift */; };
		25294E9C2B6ADA0A007A668F /* PetImageCell.swift in Sources */ = {isa = PBXBuildFile; fileRef = 25294E9A2B6ADA0A007A668F /* PetImageCell.swift */; };
		25294E9D2B6ADA0A007A668F /* PetImageCell.xib in Resources */ = {isa = PBXBuildFile; fileRef = 25294E9B2B6ADA0A007A668F /* PetImageCell.xib */; };
		25294EA12B6BEED7007A668F /* PetNameCell.swift in Sources */ = {isa = PBXBuildFile; fileRef = 25294E9F2B6BEED7007A668F /* PetNameCell.swift */; };
		25294EA22B6BEED7007A668F /* PetNameCell.xib in Resources */ = {isa = PBXBuildFile; fileRef = 25294EA02B6BEED7007A668F /* PetNameCell.xib */; };
		25294EAB2B6D650A007A668F /* AdressCell.swift in Sources */ = {isa = PBXBuildFile; fileRef = 25294EA92B6D650A007A668F /* AdressCell.swift */; };
		25294EAC2B6D650A007A668F /* AdressCell.xib in Resources */ = {isa = PBXBuildFile; fileRef = 25294EAA2B6D650A007A668F /* AdressCell.xib */; };
		25294EB02B6D6547007A668F /* PetSpecificationCell.swift in Sources */ = {isa = PBXBuildFile; fileRef = 25294EAE2B6D6547007A668F /* PetSpecificationCell.swift */; };
		25294EB12B6D6547007A668F /* PetSpecificationCell.xib in Resources */ = {isa = PBXBuildFile; fileRef = 25294EAF2B6D6547007A668F /* PetSpecificationCell.xib */; };
		25294EB52B6FA833007A668F /* FavoritePetCell.swift in Sources */ = {isa = PBXBuildFile; fileRef = 25294EB32B6FA833007A668F /* FavoritePetCell.swift */; };
		25294EB62B6FA833007A668F /* FavoritePetCell.xib in Resources */ = {isa = PBXBuildFile; fileRef = 25294EB42B6FA833007A668F /* FavoritePetCell.xib */; };
		25294EBC2B6FF440007A668F /* FavoriteModel.swift in Sources */ = {isa = PBXBuildFile; fileRef = 25294EBB2B6FF440007A668F /* FavoriteModel.swift */; };
		25294EBE2B6FF44C007A668F /* FavoriteManager.swift in Sources */ = {isa = PBXBuildFile; fileRef = 25294EBD2B6FF44C007A668F /* FavoriteManager.swift */; };
		25294EC02B6FF45E007A668F /* FavoriteViewModel.swift in Sources */ = {isa = PBXBuildFile; fileRef = 25294EBF2B6FF45E007A668F /* FavoriteViewModel.swift */; };
		25294EC22B6FF63C007A668F /* FavoritesEndpoint.swift in Sources */ = {isa = PBXBuildFile; fileRef = 25294EC12B6FF63C007A668F /* FavoritesEndpoint.swift */; };
		25294EC42B6FF76C007A668F /* FavoritesController.swift in Sources */ = {isa = PBXBuildFile; fileRef = 25294EC32B6FF76C007A668F /* FavoritesController.swift */; };
		25294ECB2B724C77007A668F /* SeeAllPetsCell.swift in Sources */ = {isa = PBXBuildFile; fileRef = 25294EC92B724C77007A668F /* SeeAllPetsCell.swift */; };
		25294ECC2B724C77007A668F /* SeeAllPetsCell.xib in Resources */ = {isa = PBXBuildFile; fileRef = 25294ECA2B724C77007A668F /* SeeAllPetsCell.xib */; };
		254E34E12B7289FB00DCF211 /* PostModel.swift in Sources */ = {isa = PBXBuildFile; fileRef = 254E34E02B7289FB00DCF211 /* PostModel.swift */; };
		254E34EB2B75102400DCF211 /* NewsPageHeader.swift in Sources */ = {isa = PBXBuildFile; fileRef = 254E34E92B75102400DCF211 /* NewsPageHeader.swift */; };
		254E34EC2B75102400DCF211 /* NewsPageHeader.xib in Resources */ = {isa = PBXBuildFile; fileRef = 254E34EA2B75102400DCF211 /* NewsPageHeader.xib */; };
		254E34EE2B75106100DCF211 /* NewsController.swift in Sources */ = {isa = PBXBuildFile; fileRef = 254E34ED2B75106100DCF211 /* NewsController.swift */; };
		254E34F12B75109500DCF211 /* NewsModel.swift in Sources */ = {isa = PBXBuildFile; fileRef = 254E34F02B75109500DCF211 /* NewsModel.swift */; };
		254E34F32B7510A500DCF211 /* NewsManager.swift in Sources */ = {isa = PBXBuildFile; fileRef = 254E34F22B7510A500DCF211 /* NewsManager.swift */; };
		254E34F52B7510F700DCF211 /* NewsViewModel.swift in Sources */ = {isa = PBXBuildFile; fileRef = 254E34F42B7510F700DCF211 /* NewsViewModel.swift */; };
		254E34F72B75126900DCF211 /* NewsEndpoint.swift in Sources */ = {isa = PBXBuildFile; fileRef = 254E34F62B75126900DCF211 /* NewsEndpoint.swift */; };
		254E34F92B75134500DCF211 /* NewsUseCase.swift in Sources */ = {isa = PBXBuildFile; fileRef = 254E34F82B75134500DCF211 /* NewsUseCase.swift */; };
		254E35052B751A6B00DCF211 /* MainNewsCell.swift in Sources */ = {isa = PBXBuildFile; fileRef = 254E35032B751A6B00DCF211 /* MainNewsCell.swift */; };
		254E35062B751A6B00DCF211 /* MainNewsCell.xib in Resources */ = {isa = PBXBuildFile; fileRef = 254E35042B751A6B00DCF211 /* MainNewsCell.xib */; };
		254E35092B751A8100DCF211 /* LatestNewsCell.swift in Sources */ = {isa = PBXBuildFile; fileRef = 254E35072B751A8100DCF211 /* LatestNewsCell.swift */; };
		254E350A2B751A8100DCF211 /* LatestNewsCell.xib in Resources */ = {isa = PBXBuildFile; fileRef = 254E35082B751A8100DCF211 /* LatestNewsCell.xib */; };
		254E35112B7654D900DCF211 /* NewsDetailsController.swift in Sources */ = {isa = PBXBuildFile; fileRef = 254E35102B7654D900DCF211 /* NewsDetailsController.swift */; };
		254E35292B7A491300DCF211 /* LatestNewsViewAllController.swift in Sources */ = {isa = PBXBuildFile; fileRef = 254E35282B7A491300DCF211 /* LatestNewsViewAllController.swift */; };
		254E352B2B7A498D00DCF211 /* MainNewsViewAllController.swift in Sources */ = {isa = PBXBuildFile; fileRef = 254E352A2B7A498D00DCF211 /* MainNewsViewAllController.swift */; };
		254E352D2B7CC5AE00DCF211 /* ShelterController.swift in Sources */ = {isa = PBXBuildFile; fileRef = 254E352C2B7CC5AE00DCF211 /* ShelterController.swift */; };
		254E35302B7CC77D00DCF211 /* SheltersManager.swift in Sources */ = {isa = PBXBuildFile; fileRef = 254E352F2B7CC77D00DCF211 /* SheltersManager.swift */; };
		254E35322B7CC78800DCF211 /* SheltersViewModel.swift in Sources */ = {isa = PBXBuildFile; fileRef = 254E35312B7CC78800DCF211 /* SheltersViewModel.swift */; };
		254E35342B7CC79900DCF211 /* SheltersEndpoint.swift in Sources */ = {isa = PBXBuildFile; fileRef = 254E35332B7CC79900DCF211 /* SheltersEndpoint.swift */; };
		254E35362B7CC7AA00DCF211 /* SheltersModel.swift in Sources */ = {isa = PBXBuildFile; fileRef = 254E35352B7CC7AA00DCF211 /* SheltersModel.swift */; };
		254E35392B7CD05E00DCF211 /* SheltersCell.swift in Sources */ = {isa = PBXBuildFile; fileRef = 254E35372B7CD05E00DCF211 /* SheltersCell.swift */; };
		254E353A2B7CD05E00DCF211 /* SheltersCell.xib in Resources */ = {isa = PBXBuildFile; fileRef = 254E35382B7CD05E00DCF211 /* SheltersCell.xib */; };
		254E353D2B84B2AC00DCF211 /* GreetingController.swift in Sources */ = {isa = PBXBuildFile; fileRef = 254E353C2B84B2AC00DCF211 /* GreetingController.swift */; };
		254E35402B84C31700DCF211 /* SearchManager.swift in Sources */ = {isa = PBXBuildFile; fileRef = 254E353F2B84C31700DCF211 /* SearchManager.swift */; };
		254E35422B84C34E00DCF211 /* SearchEndpoint.swift in Sources */ = {isa = PBXBuildFile; fileRef = 254E35412B84C34E00DCF211 /* SearchEndpoint.swift */; };
		254E35442B84C3CD00DCF211 /* SearchViewModel.swift in Sources */ = {isa = PBXBuildFile; fileRef = 254E35432B84C3CD00DCF211 /* SearchViewModel.swift */; };
		25F343A72B4C25BE0083742C /* AppDelegate.swift in Sources */ = {isa = PBXBuildFile; fileRef = 25F343A62B4C25BE0083742C /* AppDelegate.swift */; };
		25F343A92B4C25BE0083742C /* SceneDelegate.swift in Sources */ = {isa = PBXBuildFile; fileRef = 25F343A82B4C25BE0083742C /* SceneDelegate.swift */; };
		25F343AE2B4C25BE0083742C /* Main.storyboard in Resources */ = {isa = PBXBuildFile; fileRef = 25F343AC2B4C25BE0083742C /* Main.storyboard */; };
		25F343B02B4C25C00083742C /* Assets.xcassets in Resources */ = {isa = PBXBuildFile; fileRef = 25F343AF2B4C25C00083742C /* Assets.xcassets */; };
		25F343B32B4C25C00083742C /* LaunchScreen.storyboard in Resources */ = {isa = PBXBuildFile; fileRef = 25F343B12B4C25C00083742C /* LaunchScreen.storyboard */; };
		25F343BB2B4C3B070083742C /* NetworkHelper.swift in Sources */ = {isa = PBXBuildFile; fileRef = 25F343BA2B4C3B070083742C /* NetworkHelper.swift */; };
		25F343BE2B4C3B330083742C /* Alamofire in Frameworks */ = {isa = PBXBuildFile; productRef = 25F343BD2B4C3B330083742C /* Alamofire */; };
		25F343C12B4C40C80083742C /* Kingfisher in Frameworks */ = {isa = PBXBuildFile; productRef = 25F343C02B4C40C80083742C /* Kingfisher */; };
		25F343C32B4D68210083742C /* NetworkManager.swift in Sources */ = {isa = PBXBuildFile; fileRef = 25F343C22B4D68210083742C /* NetworkManager.swift */; };
		25F343C72B4D6BCC0083742C /* ImageSetup.swift in Sources */ = {isa = PBXBuildFile; fileRef = 25F343C62B4D6BCC0083742C /* ImageSetup.swift */; };
		25F343C92B4D6D1C0083742C /* HomeModel.swift in Sources */ = {isa = PBXBuildFile; fileRef = 25F343C82B4D6D1C0083742C /* HomeModel.swift */; };
		25F343CB2B4D6D700083742C /* HomePageManager.swift in Sources */ = {isa = PBXBuildFile; fileRef = 25F343CA2B4D6D700083742C /* HomePageManager.swift */; };
		25F343CD2B4D6D880083742C /* HomePageViewModel.swift in Sources */ = {isa = PBXBuildFile; fileRef = 25F343CC2B4D6D880083742C /* HomePageViewModel.swift */; };
		25F343CF2B4D6E140083742C /* HomeEndpoint.swift in Sources */ = {isa = PBXBuildFile; fileRef = 25F343CE2B4D6E140083742C /* HomeEndpoint.swift */; };
		25F343D22B4D72DD0083742C /* HomePageController.swift in Sources */ = {isa = PBXBuildFile; fileRef = 25F343D12B4D72DD0083742C /* HomePageController.swift */; };
		25F343D82B4ED6530083742C /* TabBarController.swift in Sources */ = {isa = PBXBuildFile; fileRef = 25F343D72B4ED6530083742C /* TabBarController.swift */; };
		25F343E82B501E630083742C /* PetDetailsCell.swift in Sources */ = {isa = PBXBuildFile; fileRef = 25F343E62B501E630083742C /* PetDetailsCell.swift */; };
		25F343E92B501E630083742C /* PetDetailsCell.xib in Resources */ = {isa = PBXBuildFile; fileRef = 25F343E72B501E630083742C /* PetDetailsCell.xib */; };
		25F343ED2B5024860083742C /* PetDetailsAboutCell.swift in Sources */ = {isa = PBXBuildFile; fileRef = 25F343EB2B5024860083742C /* PetDetailsAboutCell.swift */; };
		25F343EE2B5024860083742C /* PetDetailsAboutCell.xib in Resources */ = {isa = PBXBuildFile; fileRef = 25F343EC2B5024860083742C /* PetDetailsAboutCell.xib */; };
		25F343F22B51539D0083742C /* HomePageCell.swift in Sources */ = {isa = PBXBuildFile; fileRef = 25F343F02B51539D0083742C /* HomePageCell.swift */; };
		25F343F32B51539D0083742C /* HomePageCell.xib in Resources */ = {isa = PBXBuildFile; fileRef = 25F343F12B51539D0083742C /* HomePageCell.xib */; };
/* End PBXBuildFile section */

/* Begin PBXFileReference section */
		25294E7B2B67BA4A007A668F /* SeeAllController.swift */ = {isa = PBXFileReference; lastKnownFileType = sourcecode.swift; path = SeeAllController.swift; sourceTree = "<group>"; };
		25294E7E2B67C140007A668F /* SeeAllPageManager.swift */ = {isa = PBXFileReference; lastKnownFileType = sourcecode.swift; path = SeeAllPageManager.swift; sourceTree = "<group>"; };
		25294E812B67C195007A668F /* HomeUseCase.swift */ = {isa = PBXFileReference; lastKnownFileType = sourcecode.swift; path = HomeUseCase.swift; sourceTree = "<group>"; };
		25294E832B67C20E007A668F /* SeeAllPageViewModel.swift */ = {isa = PBXFileReference; lastKnownFileType = sourcecode.swift; path = SeeAllPageViewModel.swift; sourceTree = "<group>"; };
		25294E862B67D6CE007A668F /* PetDetailsController.swift */ = {isa = PBXFileReference; lastKnownFileType = sourcecode.swift; path = PetDetailsController.swift; sourceTree = "<group>"; };
		25294E882B67D725007A668F /* PetDetailsManager.swift */ = {isa = PBXFileReference; lastKnownFileType = sourcecode.swift; path = PetDetailsManager.swift; sourceTree = "<group>"; };
		25294E8A2B67D735007A668F /* PetDetailsViewModel.swift */ = {isa = PBXFileReference; lastKnownFileType = sourcecode.swift; path = PetDetailsViewModel.swift; sourceTree = "<group>"; };
		25294E8C2B691145007A668F /* DataBase.swift */ = {isa = PBXFileReference; lastKnownFileType = sourcecode.swift; path = DataBase.swift; sourceTree = "<group>"; };
		25294E942B6913A0007A668F /* Model.swift */ = {isa = PBXFileReference; lastKnownFileType = sourcecode.swift; path = Model.swift; sourceTree = "<group>"; };
		25294E962B6ACC3D007A668F /* PetDetailsEndpoint.swift */ = {isa = PBXFileReference; lastKnownFileType = sourcecode.swift; path = PetDetailsEndpoint.swift; sourceTree = "<group>"; };
		25294E982B6ACC4E007A668F /* PetDetailsModel.swift */ = {isa = PBXFileReference; lastKnownFileType = sourcecode.swift; path = PetDetailsModel.swift; sourceTree = "<group>"; };
		25294E9A2B6ADA0A007A668F /* PetImageCell.swift */ = {isa = PBXFileReference; lastKnownFileType = sourcecode.swift; path = PetImageCell.swift; sourceTree = "<group>"; };
		25294E9B2B6ADA0A007A668F /* PetImageCell.xib */ = {isa = PBXFileReference; lastKnownFileType = file.xib; path = PetImageCell.xib; sourceTree = "<group>"; };
		25294E9F2B6BEED7007A668F /* PetNameCell.swift */ = {isa = PBXFileReference; lastKnownFileType = sourcecode.swift; path = PetNameCell.swift; sourceTree = "<group>"; };
		25294EA02B6BEED7007A668F /* PetNameCell.xib */ = {isa = PBXFileReference; lastKnownFileType = file.xib; path = PetNameCell.xib; sourceTree = "<group>"; };
		25294EA92B6D650A007A668F /* AdressCell.swift */ = {isa = PBXFileReference; lastKnownFileType = sourcecode.swift; path = AdressCell.swift; sourceTree = "<group>"; };
		25294EAA2B6D650A007A668F /* AdressCell.xib */ = {isa = PBXFileReference; lastKnownFileType = file.xib; path = AdressCell.xib; sourceTree = "<group>"; };
		25294EAE2B6D6547007A668F /* PetSpecificationCell.swift */ = {isa = PBXFileReference; lastKnownFileType = sourcecode.swift; path = PetSpecificationCell.swift; sourceTree = "<group>"; };
		25294EAF2B6D6547007A668F /* PetSpecificationCell.xib */ = {isa = PBXFileReference; lastKnownFileType = file.xib; path = PetSpecificationCell.xib; sourceTree = "<group>"; };
		25294EB32B6FA833007A668F /* FavoritePetCell.swift */ = {isa = PBXFileReference; lastKnownFileType = sourcecode.swift; path = FavoritePetCell.swift; sourceTree = "<group>"; };
		25294EB42B6FA833007A668F /* FavoritePetCell.xib */ = {isa = PBXFileReference; lastKnownFileType = file.xib; path = FavoritePetCell.xib; sourceTree = "<group>"; };
		25294EBB2B6FF440007A668F /* FavoriteModel.swift */ = {isa = PBXFileReference; lastKnownFileType = sourcecode.swift; path = FavoriteModel.swift; sourceTree = "<group>"; };
		25294EBD2B6FF44C007A668F /* FavoriteManager.swift */ = {isa = PBXFileReference; lastKnownFileType = sourcecode.swift; path = FavoriteManager.swift; sourceTree = "<group>"; };
		25294EBF2B6FF45E007A668F /* FavoriteViewModel.swift */ = {isa = PBXFileReference; lastKnownFileType = sourcecode.swift; path = FavoriteViewModel.swift; sourceTree = "<group>"; };
		25294EC12B6FF63C007A668F /* FavoritesEndpoint.swift */ = {isa = PBXFileReference; lastKnownFileType = sourcecode.swift; path = FavoritesEndpoint.swift; sourceTree = "<group>"; };
		25294EC32B6FF76C007A668F /* FavoritesController.swift */ = {isa = PBXFileReference; lastKnownFileType = sourcecode.swift; path = FavoritesController.swift; sourceTree = "<group>"; };
		25294EC92B724C77007A668F /* SeeAllPetsCell.swift */ = {isa = PBXFileReference; lastKnownFileType = sourcecode.swift; path = SeeAllPetsCell.swift; sourceTree = "<group>"; };
		25294ECA2B724C77007A668F /* SeeAllPetsCell.xib */ = {isa = PBXFileReference; lastKnownFileType = file.xib; path = SeeAllPetsCell.xib; sourceTree = "<group>"; };
		254E34E02B7289FB00DCF211 /* PostModel.swift */ = {isa = PBXFileReference; lastKnownFileType = sourcecode.swift; path = PostModel.swift; sourceTree = "<group>"; };
		254E34E92B75102400DCF211 /* NewsPageHeader.swift */ = {isa = PBXFileReference; lastKnownFileType = sourcecode.swift; path = NewsPageHeader.swift; sourceTree = "<group>"; };
		254E34EA2B75102400DCF211 /* NewsPageHeader.xib */ = {isa = PBXFileReference; lastKnownFileType = file.xib; path = NewsPageHeader.xib; sourceTree = "<group>"; };
		254E34ED2B75106100DCF211 /* NewsController.swift */ = {isa = PBXFileReference; lastKnownFileType = sourcecode.swift; path = NewsController.swift; sourceTree = "<group>"; };
		254E34F02B75109500DCF211 /* NewsModel.swift */ = {isa = PBXFileReference; lastKnownFileType = sourcecode.swift; path = NewsModel.swift; sourceTree = "<group>"; };
		254E34F22B7510A500DCF211 /* NewsManager.swift */ = {isa = PBXFileReference; lastKnownFileType = sourcecode.swift; path = NewsManager.swift; sourceTree = "<group>"; };
		254E34F42B7510F700DCF211 /* NewsViewModel.swift */ = {isa = PBXFileReference; lastKnownFileType = sourcecode.swift; path = NewsViewModel.swift; sourceTree = "<group>"; };
		254E34F62B75126900DCF211 /* NewsEndpoint.swift */ = {isa = PBXFileReference; lastKnownFileType = sourcecode.swift; path = NewsEndpoint.swift; sourceTree = "<group>"; };
		254E34F82B75134500DCF211 /* NewsUseCase.swift */ = {isa = PBXFileReference; lastKnownFileType = sourcecode.swift; path = NewsUseCase.swift; sourceTree = "<group>"; };
		254E35032B751A6B00DCF211 /* MainNewsCell.swift */ = {isa = PBXFileReference; lastKnownFileType = sourcecode.swift; path = MainNewsCell.swift; sourceTree = "<group>"; };
		254E35042B751A6B00DCF211 /* MainNewsCell.xib */ = {isa = PBXFileReference; lastKnownFileType = file.xib; path = MainNewsCell.xib; sourceTree = "<group>"; };
		254E35072B751A8100DCF211 /* LatestNewsCell.swift */ = {isa = PBXFileReference; lastKnownFileType = sourcecode.swift; path = LatestNewsCell.swift; sourceTree = "<group>"; };
		254E35082B751A8100DCF211 /* LatestNewsCell.xib */ = {isa = PBXFileReference; lastKnownFileType = file.xib; path = LatestNewsCell.xib; sourceTree = "<group>"; };
		254E35102B7654D900DCF211 /* NewsDetailsController.swift */ = {isa = PBXFileReference; lastKnownFileType = sourcecode.swift; path = NewsDetailsController.swift; sourceTree = "<group>"; };
		254E35282B7A491300DCF211 /* LatestNewsViewAllController.swift */ = {isa = PBXFileReference; lastKnownFileType = sourcecode.swift; path = LatestNewsViewAllController.swift; sourceTree = "<group>"; };
		254E352A2B7A498D00DCF211 /* MainNewsViewAllController.swift */ = {isa = PBXFileReference; lastKnownFileType = sourcecode.swift; path = MainNewsViewAllController.swift; sourceTree = "<group>"; };
		254E352C2B7CC5AE00DCF211 /* ShelterController.swift */ = {isa = PBXFileReference; lastKnownFileType = sourcecode.swift; path = ShelterController.swift; sourceTree = "<group>"; };
		254E352F2B7CC77D00DCF211 /* SheltersManager.swift */ = {isa = PBXFileReference; lastKnownFileType = sourcecode.swift; path = SheltersManager.swift; sourceTree = "<group>"; };
		254E35312B7CC78800DCF211 /* SheltersViewModel.swift */ = {isa = PBXFileReference; lastKnownFileType = sourcecode.swift; path = SheltersViewModel.swift; sourceTree = "<group>"; };
		254E35332B7CC79900DCF211 /* SheltersEndpoint.swift */ = {isa = PBXFileReference; lastKnownFileType = sourcecode.swift; path = SheltersEndpoint.swift; sourceTree = "<group>"; };
		254E35352B7CC7AA00DCF211 /* SheltersModel.swift */ = {isa = PBXFileReference; lastKnownFileType = sourcecode.swift; path = SheltersModel.swift; sourceTree = "<group>"; };
		254E35372B7CD05E00DCF211 /* SheltersCell.swift */ = {isa = PBXFileReference; lastKnownFileType = sourcecode.swift; path = SheltersCell.swift; sourceTree = "<group>"; };
		254E35382B7CD05E00DCF211 /* SheltersCell.xib */ = {isa = PBXFileReference; lastKnownFileType = file.xib; path = SheltersCell.xib; sourceTree = "<group>"; };
		254E353C2B84B2AC00DCF211 /* GreetingController.swift */ = {isa = PBXFileReference; lastKnownFileType = sourcecode.swift; path = GreetingController.swift; sourceTree = "<group>"; };
		254E353F2B84C31700DCF211 /* SearchManager.swift */ = {isa = PBXFileReference; lastKnownFileType = sourcecode.swift; path = SearchManager.swift; sourceTree = "<group>"; };
		254E35412B84C34E00DCF211 /* SearchEndpoint.swift */ = {isa = PBXFileReference; lastKnownFileType = sourcecode.swift; path = SearchEndpoint.swift; sourceTree = "<group>"; };
		254E35432B84C3CD00DCF211 /* SearchViewModel.swift */ = {isa = PBXFileReference; lastKnownFileType = sourcecode.swift; path = SearchViewModel.swift; sourceTree = "<group>"; };
		25F343A32B4C25BE0083742C /* TakeMyPaws.app */ = {isa = PBXFileReference; explicitFileType = wrapper.application; includeInIndex = 0; path = TakeMyPaws.app; sourceTree = BUILT_PRODUCTS_DIR; };
		25F343A62B4C25BE0083742C /* AppDelegate.swift */ = {isa = PBXFileReference; lastKnownFileType = sourcecode.swift; path = AppDelegate.swift; sourceTree = "<group>"; };
		25F343A82B4C25BE0083742C /* SceneDelegate.swift */ = {isa = PBXFileReference; lastKnownFileType = sourcecode.swift; path = SceneDelegate.swift; sourceTree = "<group>"; };
		25F343AD2B4C25BE0083742C /* Base */ = {isa = PBXFileReference; lastKnownFileType = file.storyboard; name = Base; path = Base.lproj/Main.storyboard; sourceTree = "<group>"; };
		25F343AF2B4C25C00083742C /* Assets.xcassets */ = {isa = PBXFileReference; lastKnownFileType = folder.assetcatalog; path = Assets.xcassets; sourceTree = "<group>"; };
		25F343B22B4C25C00083742C /* Base */ = {isa = PBXFileReference; lastKnownFileType = file.storyboard; name = Base; path = Base.lproj/LaunchScreen.storyboard; sourceTree = "<group>"; };
		25F343B42B4C25C00083742C /* Info.plist */ = {isa = PBXFileReference; lastKnownFileType = text.plist.xml; path = Info.plist; sourceTree = "<group>"; };
		25F343BA2B4C3B070083742C /* NetworkHelper.swift */ = {isa = PBXFileReference; lastKnownFileType = sourcecode.swift; path = NetworkHelper.swift; sourceTree = "<group>"; };
		25F343C22B4D68210083742C /* NetworkManager.swift */ = {isa = PBXFileReference; lastKnownFileType = sourcecode.swift; path = NetworkManager.swift; sourceTree = "<group>"; };
		25F343C62B4D6BCC0083742C /* ImageSetup.swift */ = {isa = PBXFileReference; lastKnownFileType = sourcecode.swift; path = ImageSetup.swift; sourceTree = "<group>"; };
		25F343C82B4D6D1C0083742C /* HomeModel.swift */ = {isa = PBXFileReference; lastKnownFileType = sourcecode.swift; path = HomeModel.swift; sourceTree = "<group>"; };
		25F343CA2B4D6D700083742C /* HomePageManager.swift */ = {isa = PBXFileReference; lastKnownFileType = sourcecode.swift; path = HomePageManager.swift; sourceTree = "<group>"; };
		25F343CC2B4D6D880083742C /* HomePageViewModel.swift */ = {isa = PBXFileReference; lastKnownFileType = sourcecode.swift; path = HomePageViewModel.swift; sourceTree = "<group>"; };
		25F343CE2B4D6E140083742C /* HomeEndpoint.swift */ = {isa = PBXFileReference; lastKnownFileType = sourcecode.swift; path = HomeEndpoint.swift; sourceTree = "<group>"; };
		25F343D12B4D72DD0083742C /* HomePageController.swift */ = {isa = PBXFileReference; lastKnownFileType = sourcecode.swift; path = HomePageController.swift; sourceTree = "<group>"; };
		25F343D72B4ED6530083742C /* TabBarController.swift */ = {isa = PBXFileReference; lastKnownFileType = sourcecode.swift; path = TabBarController.swift; sourceTree = "<group>"; };
		25F343E62B501E630083742C /* PetDetailsCell.swift */ = {isa = PBXFileReference; lastKnownFileType = sourcecode.swift; path = PetDetailsCell.swift; sourceTree = "<group>"; };
		25F343E72B501E630083742C /* PetDetailsCell.xib */ = {isa = PBXFileReference; lastKnownFileType = file.xib; path = PetDetailsCell.xib; sourceTree = "<group>"; };
		25F343EB2B5024860083742C /* PetDetailsAboutCell.swift */ = {isa = PBXFileReference; lastKnownFileType = sourcecode.swift; path = PetDetailsAboutCell.swift; sourceTree = "<group>"; };
		25F343EC2B5024860083742C /* PetDetailsAboutCell.xib */ = {isa = PBXFileReference; lastKnownFileType = file.xib; path = PetDetailsAboutCell.xib; sourceTree = "<group>"; };
		25F343F02B51539D0083742C /* HomePageCell.swift */ = {isa = PBXFileReference; lastKnownFileType = sourcecode.swift; path = HomePageCell.swift; sourceTree = "<group>"; };
		25F343F12B51539D0083742C /* HomePageCell.xib */ = {isa = PBXFileReference; lastKnownFileType = file.xib; path = HomePageCell.xib; sourceTree = "<group>"; };
/* End PBXFileReference section */

/* Begin PBXFrameworksBuildPhase section */
		25F343A02B4C25BE0083742C /* Frameworks */ = {
			isa = PBXFrameworksBuildPhase;
			buildActionMask = 2147483647;
			files = (
				25294E922B691186007A668F /* RealmSwift in Frameworks */,
				25294E902B691186007A668F /* Realm in Frameworks */,
				25F343C12B4C40C80083742C /* Kingfisher in Frameworks */,
				25F343BE2B4C3B330083742C /* Alamofire in Frameworks */,
			);
			runOnlyForDeploymentPostprocessing = 0;
		};
/* End PBXFrameworksBuildPhase section */

/* Begin PBXGroup section */
		25294E7D2B67BA63007A668F /* SeeAll */ = {
			isa = PBXGroup;
			children = (
				25294E7E2B67C140007A668F /* SeeAllPageManager.swift */,
				25294E832B67C20E007A668F /* SeeAllPageViewModel.swift */,
				25294E7B2B67BA4A007A668F /* SeeAllController.swift */,
				25294EC82B724C26007A668F /* SeeAll Pet Cell */,
			);
			path = SeeAll;
			sourceTree = "<group>";
		};
		25294E802B67C181007A668F /* UseCase */ = {
			isa = PBXGroup;
			children = (
				25294E812B67C195007A668F /* HomeUseCase.swift */,
				254E34F82B75134500DCF211 /* NewsUseCase.swift */,
			);
			path = UseCase;
			sourceTree = "<group>";
		};
		25294E852B67D6AF007A668F /* PetDetails */ = {
			isa = PBXGroup;
			children = (
				25294E982B6ACC4E007A668F /* PetDetailsModel.swift */,
				25294E962B6ACC3D007A668F /* PetDetailsEndpoint.swift */,
				25294E882B67D725007A668F /* PetDetailsManager.swift */,
				25294E8A2B67D735007A668F /* PetDetailsViewModel.swift */,
				25294E862B67D6CE007A668F /* PetDetailsController.swift */,
				25294EA42B6BEF1B007A668F /* Pet Details Cell */,
			);
			path = PetDetails;
			sourceTree = "<group>";
		};
		25294E932B691363007A668F /* DataManager */ = {
			isa = PBXGroup;
			children = (
				25294E942B6913A0007A668F /* Model.swift */,
				25294E8C2B691145007A668F /* DataBase.swift */,
			);
			path = DataManager;
			sourceTree = "<group>";
		};
		25294E9E2B6ADA45007A668F /* Image Cell */ = {
			isa = PBXGroup;
			children = (
				25294E9A2B6ADA0A007A668F /* PetImageCell.swift */,
				25294E9B2B6ADA0A007A668F /* PetImageCell.xib */,
			);
			path = "Image Cell";
			sourceTree = "<group>";
		};
		25294EA32B6BEEED007A668F /* Name Cell */ = {
			isa = PBXGroup;
			children = (
				25294E9F2B6BEED7007A668F /* PetNameCell.swift */,
				25294EA02B6BEED7007A668F /* PetNameCell.xib */,
			);
			path = "Name Cell";
			sourceTree = "<group>";
		};
		25294EA42B6BEF1B007A668F /* Pet Details Cell */ = {
			isa = PBXGroup;
			children = (
				25F343EA2B501E6B0083742C /*  Details Cell */,
				25F343EF2B50248B0083742C /* About Cell */,
				25294E9E2B6ADA45007A668F /* Image Cell */,
				25294EA32B6BEEED007A668F /* Name Cell */,
				25294EAD2B6D6518007A668F /* Adress Cell */,
				25294EB22B6D6554007A668F /* Specification Cell */,
			);
			path = "Pet Details Cell";
			sourceTree = "<group>";
		};
		25294EAD2B6D6518007A668F /* Adress Cell */ = {
			isa = PBXGroup;
			children = (
				25294EA92B6D650A007A668F /* AdressCell.swift */,
				25294EAA2B6D650A007A668F /* AdressCell.xib */,
			);
			path = "Adress Cell";
			sourceTree = "<group>";
		};
		25294EB22B6D6554007A668F /* Specification Cell */ = {
			isa = PBXGroup;
			children = (
				25294EAE2B6D6547007A668F /* PetSpecificationCell.swift */,
				25294EAF2B6D6547007A668F /* PetSpecificationCell.xib */,
			);
			path = "Specification Cell";
			sourceTree = "<group>";
		};
		25294EB72B6FA839007A668F /* Favorites Cell */ = {
			isa = PBXGroup;
			children = (
				25294EB32B6FA833007A668F /* FavoritePetCell.swift */,
				25294EB42B6FA833007A668F /* FavoritePetCell.xib */,
			);
			path = "Favorites Cell";
			sourceTree = "<group>";
		};
		25294EB82B6FF3D2007A668F /* FavoriteTabBar */ = {
			isa = PBXGroup;
			children = (
				25294EBB2B6FF440007A668F /* FavoriteModel.swift */,
				25294EC12B6FF63C007A668F /* FavoritesEndpoint.swift */,
				25294EBD2B6FF44C007A668F /* FavoriteManager.swift */,
				25294EBF2B6FF45E007A668F /* FavoriteViewModel.swift */,
				25294EC32B6FF76C007A668F /* FavoritesController.swift */,
				25294EB72B6FA839007A668F /* Favorites Cell */,
			);
			path = FavoriteTabBar;
			sourceTree = "<group>";
		};
		25294EC82B724C26007A668F /* SeeAll Pet Cell */ = {
			isa = PBXGroup;
			children = (
				25294EC92B724C77007A668F /* SeeAllPetsCell.swift */,
				25294ECA2B724C77007A668F /* SeeAllPetsCell.xib */,
			);
			path = "SeeAll Pet Cell";
			sourceTree = "<group>";
		};
		254E34E82B750FD900DCF211 /* Header */ = {
			isa = PBXGroup;
			children = (
				254E34E92B75102400DCF211 /* NewsPageHeader.swift */,
				254E34EA2B75102400DCF211 /* NewsPageHeader.xib */,
			);
			path = Header;
			sourceTree = "<group>";
		};
		254E34EF2B75106600DCF211 /* NewsTabBar */ = {
			isa = PBXGroup;
			children = (
				254E34F02B75109500DCF211 /* NewsModel.swift */,
				254E34F62B75126900DCF211 /* NewsEndpoint.swift */,
				254E34F22B7510A500DCF211 /* NewsManager.swift */,
				254E34F42B7510F700DCF211 /* NewsViewModel.swift */,
				254E34ED2B75106100DCF211 /* NewsController.swift */,
				254E34E82B750FD900DCF211 /* Header */,
				254E34FE2B75174000DCF211 /* Main News Cell */,
				254E350B2B751A8600DCF211 /* Latest News Cell */,
			);
			path = NewsTabBar;
			sourceTree = "<group>";
		};
		254E34FE2B75174000DCF211 /* Main News Cell */ = {
			isa = PBXGroup;
			children = (
				254E35032B751A6B00DCF211 /* MainNewsCell.swift */,
				254E35042B751A6B00DCF211 /* MainNewsCell.xib */,
			);
			path = "Main News Cell";
			sourceTree = "<group>";
		};
		254E350B2B751A8600DCF211 /* Latest News Cell */ = {
			isa = PBXGroup;
			children = (
				254E35072B751A8100DCF211 /* LatestNewsCell.swift */,
				254E35082B751A8100DCF211 /* LatestNewsCell.xib */,
			);
			path = "Latest News Cell";
			sourceTree = "<group>";
		};
		254E35122B7654EE00DCF211 /* NewsDetails */ = {
			isa = PBXGroup;
			children = (
				254E35102B7654D900DCF211 /* NewsDetailsController.swift */,
			);
			path = NewsDetails;
			sourceTree = "<group>";
		};
		254E35202B7A470600DCF211 /* NewsViewAllPage */ = {
			isa = PBXGroup;
			children = (
				254E35282B7A491300DCF211 /* LatestNewsViewAllController.swift */,
				254E352A2B7A498D00DCF211 /* MainNewsViewAllController.swift */,
			);
			path = NewsViewAllPage;
			sourceTree = "<group>";
		};
		254E352E2B7CC5B200DCF211 /* SheltersTabBar */ = {
			isa = PBXGroup;
			children = (
				254E35352B7CC7AA00DCF211 /* SheltersModel.swift */,
				254E35332B7CC79900DCF211 /* SheltersEndpoint.swift */,
				254E352F2B7CC77D00DCF211 /* SheltersManager.swift */,
				254E35312B7CC78800DCF211 /* SheltersViewModel.swift */,
				254E352C2B7CC5AE00DCF211 /* ShelterController.swift */,
				254E353B2B7CD06400DCF211 /* Shelters Cell */,
			);
			path = SheltersTabBar;
			sourceTree = "<group>";
		};
		254E353B2B7CD06400DCF211 /* Shelters Cell */ = {
			isa = PBXGroup;
			children = (
				254E35372B7CD05E00DCF211 /* SheltersCell.swift */,
				254E35382B7CD05E00DCF211 /* SheltersCell.xib */,
			);
			path = "Shelters Cell";
			sourceTree = "<group>";
		};
		254E353E2B84C2D900DCF211 /* Search */ = {
			isa = PBXGroup;
			children = (
				254E353F2B84C31700DCF211 /* SearchManager.swift */,
				254E35412B84C34E00DCF211 /* SearchEndpoint.swift */,
				254E35432B84C3CD00DCF211 /* SearchViewModel.swift */,
			);
			path = Search;
			sourceTree = "<group>";
		};
		25F3439A2B4C25BE0083742C = {
			isa = PBXGroup;
			children = (
				25F343A52B4C25BE0083742C /* TakeMyPaws */,
				25F343A42B4C25BE0083742C /* Products */,
			);
			sourceTree = "<group>";
		};
		25F343A42B4C25BE0083742C /* Products */ = {
			isa = PBXGroup;
			children = (
				25F343A32B4C25BE0083742C /* TakeMyPaws.app */,
			);
			name = Products;
			sourceTree = "<group>";
		};
		25F343A52B4C25BE0083742C /* TakeMyPaws */ = {
			isa = PBXGroup;
			children = (
				25F343A62B4C25BE0083742C /* AppDelegate.swift */,
				25F343A82B4C25BE0083742C /* SceneDelegate.swift */,
				25F343AC2B4C25BE0083742C /* Main.storyboard */,
				25F343AF2B4C25C00083742C /* Assets.xcassets */,
				25F343B12B4C25C00083742C /* LaunchScreen.storyboard */,
				25F343B42B4C25C00083742C /* Info.plist */,
				254E353C2B84B2AC00DCF211 /* GreetingController.swift */,
				25F343C42B4D6B6A0083742C /* Core */,
				25294E932B691363007A668F /* DataManager */,
				25294E802B67C181007A668F /* UseCase */,
				25F343C52B4D6B9B0083742C /* Extension */,
				25F343E52B5001750083742C /* TabBar */,
				25F343D02B4D6E7E0083742C /* HomeTabBar */,
				254E353E2B84C2D900DCF211 /* Search */,
				25294E852B67D6AF007A668F /* PetDetails */,
				25294EB82B6FF3D2007A668F /* FavoriteTabBar */,
				254E34EF2B75106600DCF211 /* NewsTabBar */,
				254E35122B7654EE00DCF211 /* NewsDetails */,
				254E35202B7A470600DCF211 /* NewsViewAllPage */,
				254E352E2B7CC5B200DCF211 /* SheltersTabBar */,
			);
			path = TakeMyPaws;
			sourceTree = "<group>";
		};
		25F343C42B4D6B6A0083742C /* Core */ = {
			isa = PBXGroup;
			children = (
				25F343BA2B4C3B070083742C /* NetworkHelper.swift */,
				25F343C22B4D68210083742C /* NetworkManager.swift */,
				254E34E02B7289FB00DCF211 /* PostModel.swift */,
			);
			path = Core;
			sourceTree = "<group>";
		};
		25F343C52B4D6B9B0083742C /* Extension */ = {
			isa = PBXGroup;
			children = (
				25F343C62B4D6BCC0083742C /* ImageSetup.swift */,
			);
			path = Extension;
			sourceTree = "<group>";
		};
		25F343D02B4D6E7E0083742C /* HomeTabBar */ = {
			isa = PBXGroup;
			children = (
				25F343C82B4D6D1C0083742C /* HomeModel.swift */,
				25F343CE2B4D6E140083742C /* HomeEndpoint.swift */,
				25F343CA2B4D6D700083742C /* HomePageManager.swift */,
				25F343CC2B4D6D880083742C /* HomePageViewModel.swift */,
				25F343D12B4D72DD0083742C /* HomePageController.swift */,
				25F343F42B5153A30083742C /* Home Page Cell */,
				25294E7D2B67BA63007A668F /* SeeAll */,
			);
			path = HomeTabBar;
			sourceTree = "<group>";
		};
		25F343E52B5001750083742C /* TabBar */ = {
			isa = PBXGroup;
			children = (
				25F343D72B4ED6530083742C /* TabBarController.swift */,
			);
			path = TabBar;
			sourceTree = "<group>";
		};
		25F343EA2B501E6B0083742C /*  Details Cell */ = {
			isa = PBXGroup;
			children = (
				25F343E62B501E630083742C /* PetDetailsCell.swift */,
				25F343E72B501E630083742C /* PetDetailsCell.xib */,
			);
			path = " Details Cell";
			sourceTree = "<group>";
		};
		25F343EF2B50248B0083742C /* About Cell */ = {
			isa = PBXGroup;
			children = (
				25F343EB2B5024860083742C /* PetDetailsAboutCell.swift */,
				25F343EC2B5024860083742C /* PetDetailsAboutCell.xib */,
			);
			path = "About Cell";
			sourceTree = "<group>";
		};
		25F343F42B5153A30083742C /* Home Page Cell */ = {
			isa = PBXGroup;
			children = (
				25F343F02B51539D0083742C /* HomePageCell.swift */,
				25F343F12B51539D0083742C /* HomePageCell.xib */,
			);
			path = "Home Page Cell";
			sourceTree = "<group>";
		};
/* End PBXGroup section */

/* Begin PBXNativeTarget section */
		25F343A22B4C25BE0083742C /* TakeMyPaws */ = {
			isa = PBXNativeTarget;
			buildConfigurationList = 25F343B72B4C25C00083742C /* Build configuration list for PBXNativeTarget "TakeMyPaws" */;
			buildPhases = (
				25F3439F2B4C25BE0083742C /* Sources */,
				25F343A02B4C25BE0083742C /* Frameworks */,
				25F343A12B4C25BE0083742C /* Resources */,
			);
			buildRules = (
			);
			dependencies = (
			);
			name = TakeMyPaws;
			packageProductDependencies = (
				25F343BD2B4C3B330083742C /* Alamofire */,
				25F343C02B4C40C80083742C /* Kingfisher */,
				25294E8F2B691186007A668F /* Realm */,
				25294E912B691186007A668F /* RealmSwift */,
			);
			productName = TakeMyPaws;
			productReference = 25F343A32B4C25BE0083742C /* TakeMyPaws.app */;
			productType = "com.apple.product-type.application";
		};
/* End PBXNativeTarget section */

/* Begin PBXProject section */
		25F3439B2B4C25BE0083742C /* Project object */ = {
			isa = PBXProject;
			attributes = {
				BuildIndependentTargetsInParallel = 1;
				LastSwiftUpdateCheck = 1430;
				LastUpgradeCheck = 1430;
				TargetAttributes = {
					25F343A22B4C25BE0083742C = {
						CreatedOnToolsVersion = 14.3;
					};
				};
			};
			buildConfigurationList = 25F3439E2B4C25BE0083742C /* Build configuration list for PBXProject "TakeMyPaws" */;
			compatibilityVersion = "Xcode 14.0";
			developmentRegion = en;
			hasScannedForEncodings = 0;
			knownRegions = (
				en,
				Base,
			);
			mainGroup = 25F3439A2B4C25BE0083742C;
			packageReferences = (
				25F343BC2B4C3B330083742C /* XCRemoteSwiftPackageReference "Alamofire" */,
				25F343BF2B4C40C80083742C /* XCRemoteSwiftPackageReference "Kingfisher" */,
				25294E8E2B691186007A668F /* XCRemoteSwiftPackageReference "realm-swift" */,
			);
			productRefGroup = 25F343A42B4C25BE0083742C /* Products */;
			projectDirPath = "";
			projectRoot = "";
			targets = (
				25F343A22B4C25BE0083742C /* TakeMyPaws */,
			);
		};
/* End PBXProject section */

/* Begin PBXResourcesBuildPhase section */
		25F343A12B4C25BE0083742C /* Resources */ = {
			isa = PBXResourcesBuildPhase;
			buildActionMask = 2147483647;
			files = (
				25F343B32B4C25C00083742C /* LaunchScreen.storyboard in Resources */,
				254E35062B751A6B00DCF211 /* MainNewsCell.xib in Resources */,
				254E353A2B7CD05E00DCF211 /* SheltersCell.xib in Resources */,
				254E34EC2B75102400DCF211 /* NewsPageHeader.xib in Resources */,
				25294EB12B6D6547007A668F /* PetSpecificationCell.xib in Resources */,
				254E350A2B751A8100DCF211 /* LatestNewsCell.xib in Resources */,
				25F343EE2B5024860083742C /* PetDetailsAboutCell.xib in Resources */,
				25294EA22B6BEED7007A668F /* PetNameCell.xib in Resources */,
				25F343E92B501E630083742C /* PetDetailsCell.xib in Resources */,
				25F343B02B4C25C00083742C /* Assets.xcassets in Resources */,
				25F343AE2B4C25BE0083742C /* Main.storyboard in Resources */,
				25294E9D2B6ADA0A007A668F /* PetImageCell.xib in Resources */,
				25294EB62B6FA833007A668F /* FavoritePetCell.xib in Resources */,
				25294ECC2B724C77007A668F /* SeeAllPetsCell.xib in Resources */,
				25294EAC2B6D650A007A668F /* AdressCell.xib in Resources */,
				25F343F32B51539D0083742C /* HomePageCell.xib in Resources */,
			);
			runOnlyForDeploymentPostprocessing = 0;
		};
/* End PBXResourcesBuildPhase section */

/* Begin PBXSourcesBuildPhase section */
		25F3439F2B4C25BE0083742C /* Sources */ = {
			isa = PBXSourcesBuildPhase;
			buildActionMask = 2147483647;
			files = (
				25F343C32B4D68210083742C /* NetworkManager.swift in Sources */,
				25F343D22B4D72DD0083742C /* HomePageController.swift in Sources */,
				25F343CB2B4D6D700083742C /* HomePageManager.swift in Sources */,
				254E35092B751A8100DCF211 /* LatestNewsCell.swift in Sources */,
				25294E9C2B6ADA0A007A668F /* PetImageCell.swift in Sources */,
				25294E8B2B67D735007A668F /* PetDetailsViewModel.swift in Sources */,
				254E35342B7CC79900DCF211 /* SheltersEndpoint.swift in Sources */,
				25F343F22B51539D0083742C /* HomePageCell.swift in Sources */,
				25294E872B67D6CE007A668F /* PetDetailsController.swift in Sources */,
				254E35362B7CC7AA00DCF211 /* SheltersModel.swift in Sources */,
				254E34F52B7510F700DCF211 /* NewsViewModel.swift in Sources */,
				25294E7F2B67C140007A668F /* SeeAllPageManager.swift in Sources */,
				254E35422B84C34E00DCF211 /* SearchEndpoint.swift in Sources */,
				254E353D2B84B2AC00DCF211 /* GreetingController.swift in Sources */,
				254E34EE2B75106100DCF211 /* NewsController.swift in Sources */,
				25F343BB2B4C3B070083742C /* NetworkHelper.swift in Sources */,
				254E34F12B75109500DCF211 /* NewsModel.swift in Sources */,
				254E35112B7654D900DCF211 /* NewsDetailsController.swift in Sources */,
				25294EBC2B6FF440007A668F /* FavoriteModel.swift in Sources */,
				254E35402B84C31700DCF211 /* SearchManager.swift in Sources */,
				25294EB02B6D6547007A668F /* PetSpecificationCell.swift in Sources */,
				25294EC42B6FF76C007A668F /* FavoritesController.swift in Sources */,
				254E34F92B75134500DCF211 /* NewsUseCase.swift in Sources */,
				254E35292B7A491300DCF211 /* LatestNewsViewAllController.swift in Sources */,
				25F343ED2B5024860083742C /* PetDetailsAboutCell.swift in Sources */,
				254E352D2B7CC5AE00DCF211 /* ShelterController.swift in Sources */,
				25294EA12B6BEED7007A668F /* PetNameCell.swift in Sources */,
				254E35322B7CC78800DCF211 /* SheltersViewModel.swift in Sources */,
				25294EC02B6FF45E007A668F /* FavoriteViewModel.swift in Sources */,
				25294E842B67C20E007A668F /* SeeAllPageViewModel.swift in Sources */,
				254E34F72B75126900DCF211 /* NewsEndpoint.swift in Sources */,
				25294EB52B6FA833007A668F /* FavoritePetCell.swift in Sources */,
				25294E892B67D725007A668F /* PetDetailsManager.swift in Sources */,
				25F343C92B4D6D1C0083742C /* HomeModel.swift in Sources */,
				25F343CD2B4D6D880083742C /* HomePageViewModel.swift in Sources */,
				25F343CF2B4D6E140083742C /* HomeEndpoint.swift in Sources */,
				25294E992B6ACC4E007A668F /* PetDetailsModel.swift in Sources */,
				25F343E82B501E630083742C /* PetDetailsCell.swift in Sources */,
				25294E952B6913A0007A668F /* Model.swift in Sources */,
				254E35302B7CC77D00DCF211 /* SheltersManager.swift in Sources */,
				25F343A72B4C25BE0083742C /* AppDelegate.swift in Sources */,
				254E34EB2B75102400DCF211 /* NewsPageHeader.swift in Sources */,
				25294EBE2B6FF44C007A668F /* FavoriteManager.swift in Sources */,
				25F343C72B4D6BCC0083742C /* ImageSetup.swift in Sources */,
				25294E822B67C195007A668F /* HomeUseCase.swift in Sources */,
				25294E972B6ACC3D007A668F /* PetDetailsEndpoint.swift in Sources */,
				254E352B2B7A498D00DCF211 /* MainNewsViewAllController.swift in Sources */,
				25F343D82B4ED6530083742C /* TabBarController.swift in Sources */,
				25294EC22B6FF63C007A668F /* FavoritesEndpoint.swift in Sources */,
				254E35052B751A6B00DCF211 /* MainNewsCell.swift in Sources */,
				254E35392B7CD05E00DCF211 /* SheltersCell.swift in Sources */,
				25294E8D2B691145007A668F /* DataBase.swift in Sources */,
				254E34E12B7289FB00DCF211 /* PostModel.swift in Sources */,
				25F343A92B4C25BE0083742C /* SceneDelegate.swift in Sources */,
				25294ECB2B724C77007A668F /* SeeAllPetsCell.swift in Sources */,
				25294E7C2B67BA4A007A668F /* SeeAllController.swift in Sources */,
				254E34F32B7510A500DCF211 /* NewsManager.swift in Sources */,
				25294EAB2B6D650A007A668F /* AdressCell.swift in Sources */,
				254E35442B84C3CD00DCF211 /* SearchViewModel.swift in Sources */,
			);
			runOnlyForDeploymentPostprocessing = 0;
		};
/* End PBXSourcesBuildPhase section */

/* Begin PBXVariantGroup section */
		25F343AC2B4C25BE0083742C /* Main.storyboard */ = {
			isa = PBXVariantGroup;
			children = (
				25F343AD2B4C25BE0083742C /* Base */,
			);
			name = Main.storyboard;
			sourceTree = "<group>";
		};
		25F343B12B4C25C00083742C /* LaunchScreen.storyboard */ = {
			isa = PBXVariantGroup;
			children = (
				25F343B22B4C25C00083742C /* Base */,
			);
			name = LaunchScreen.storyboard;
			sourceTree = "<group>";
		};
/* End PBXVariantGroup section */

/* Begin XCBuildConfiguration section */
		25F343B52B4C25C00083742C /* Debug */ = {
			isa = XCBuildConfiguration;
			buildSettings = {
				ALWAYS_SEARCH_USER_PATHS = NO;
				CLANG_ANALYZER_NONNULL = YES;
				CLANG_ANALYZER_NUMBER_OBJECT_CONVERSION = YES_AGGRESSIVE;
				CLANG_CXX_LANGUAGE_STANDARD = "gnu++20";
				CLANG_ENABLE_MODULES = YES;
				CLANG_ENABLE_OBJC_ARC = YES;
				CLANG_ENABLE_OBJC_WEAK = YES;
				CLANG_WARN_BLOCK_CAPTURE_AUTORELEASING = YES;
				CLANG_WARN_BOOL_CONVERSION = YES;
				CLANG_WARN_COMMA = YES;
				CLANG_WARN_CONSTANT_CONVERSION = YES;
				CLANG_WARN_DEPRECATED_OBJC_IMPLEMENTATIONS = YES;
				CLANG_WARN_DIRECT_OBJC_ISA_USAGE = YES_ERROR;
				CLANG_WARN_DOCUMENTATION_COMMENTS = YES;
				CLANG_WARN_EMPTY_BODY = YES;
				CLANG_WARN_ENUM_CONVERSION = YES;
				CLANG_WARN_INFINITE_RECURSION = YES;
				CLANG_WARN_INT_CONVERSION = YES;
				CLANG_WARN_NON_LITERAL_NULL_CONVERSION = YES;
				CLANG_WARN_OBJC_IMPLICIT_RETAIN_SELF = YES;
				CLANG_WARN_OBJC_LITERAL_CONVERSION = YES;
				CLANG_WARN_OBJC_ROOT_CLASS = YES_ERROR;
				CLANG_WARN_QUOTED_INCLUDE_IN_FRAMEWORK_HEADER = YES;
				CLANG_WARN_RANGE_LOOP_ANALYSIS = YES;
				CLANG_WARN_STRICT_PROTOTYPES = YES;
				CLANG_WARN_SUSPICIOUS_MOVE = YES;
				CLANG_WARN_UNGUARDED_AVAILABILITY = YES_AGGRESSIVE;
				CLANG_WARN_UNREACHABLE_CODE = YES;
				CLANG_WARN__DUPLICATE_METHOD_MATCH = YES;
				COPY_PHASE_STRIP = NO;
				DEBUG_INFORMATION_FORMAT = dwarf;
				ENABLE_STRICT_OBJC_MSGSEND = YES;
				ENABLE_TESTABILITY = YES;
				GCC_C_LANGUAGE_STANDARD = gnu11;
				GCC_DYNAMIC_NO_PIC = NO;
				GCC_NO_COMMON_BLOCKS = YES;
				GCC_OPTIMIZATION_LEVEL = 0;
				GCC_PREPROCESSOR_DEFINITIONS = (
					"DEBUG=1",
					"$(inherited)",
				);
				GCC_WARN_64_TO_32_BIT_CONVERSION = YES;
				GCC_WARN_ABOUT_RETURN_TYPE = YES_ERROR;
				GCC_WARN_UNDECLARED_SELECTOR = YES;
				GCC_WARN_UNINITIALIZED_AUTOS = YES_AGGRESSIVE;
				GCC_WARN_UNUSED_FUNCTION = YES;
				GCC_WARN_UNUSED_VARIABLE = YES;
				IPHONEOS_DEPLOYMENT_TARGET = 16.4;
				MTL_ENABLE_DEBUG_INFO = INCLUDE_SOURCE;
				MTL_FAST_MATH = YES;
				ONLY_ACTIVE_ARCH = YES;
				SDKROOT = iphoneos;
				SWIFT_ACTIVE_COMPILATION_CONDITIONS = DEBUG;
				SWIFT_OPTIMIZATION_LEVEL = "-Onone";
			};
			name = Debug;
		};
		25F343B62B4C25C00083742C /* Release */ = {
			isa = XCBuildConfiguration;
			buildSettings = {
				ALWAYS_SEARCH_USER_PATHS = NO;
				CLANG_ANALYZER_NONNULL = YES;
				CLANG_ANALYZER_NUMBER_OBJECT_CONVERSION = YES_AGGRESSIVE;
				CLANG_CXX_LANGUAGE_STANDARD = "gnu++20";
				CLANG_ENABLE_MODULES = YES;
				CLANG_ENABLE_OBJC_ARC = YES;
				CLANG_ENABLE_OBJC_WEAK = YES;
				CLANG_WARN_BLOCK_CAPTURE_AUTORELEASING = YES;
				CLANG_WARN_BOOL_CONVERSION = YES;
				CLANG_WARN_COMMA = YES;
				CLANG_WARN_CONSTANT_CONVERSION = YES;
				CLANG_WARN_DEPRECATED_OBJC_IMPLEMENTATIONS = YES;
				CLANG_WARN_DIRECT_OBJC_ISA_USAGE = YES_ERROR;
				CLANG_WARN_DOCUMENTATION_COMMENTS = YES;
				CLANG_WARN_EMPTY_BODY = YES;
				CLANG_WARN_ENUM_CONVERSION = YES;
				CLANG_WARN_INFINITE_RECURSION = YES;
				CLANG_WARN_INT_CONVERSION = YES;
				CLANG_WARN_NON_LITERAL_NULL_CONVERSION = YES;
				CLANG_WARN_OBJC_IMPLICIT_RETAIN_SELF = YES;
				CLANG_WARN_OBJC_LITERAL_CONVERSION = YES;
				CLANG_WARN_OBJC_ROOT_CLASS = YES_ERROR;
				CLANG_WARN_QUOTED_INCLUDE_IN_FRAMEWORK_HEADER = YES;
				CLANG_WARN_RANGE_LOOP_ANALYSIS = YES;
				CLANG_WARN_STRICT_PROTOTYPES = YES;
				CLANG_WARN_SUSPICIOUS_MOVE = YES;
				CLANG_WARN_UNGUARDED_AVAILABILITY = YES_AGGRESSIVE;
				CLANG_WARN_UNREACHABLE_CODE = YES;
				CLANG_WARN__DUPLICATE_METHOD_MATCH = YES;
				COPY_PHASE_STRIP = NO;
				DEBUG_INFORMATION_FORMAT = "dwarf-with-dsym";
				ENABLE_NS_ASSERTIONS = NO;
				ENABLE_STRICT_OBJC_MSGSEND = YES;
				GCC_C_LANGUAGE_STANDARD = gnu11;
				GCC_NO_COMMON_BLOCKS = YES;
				GCC_WARN_64_TO_32_BIT_CONVERSION = YES;
				GCC_WARN_ABOUT_RETURN_TYPE = YES_ERROR;
				GCC_WARN_UNDECLARED_SELECTOR = YES;
				GCC_WARN_UNINITIALIZED_AUTOS = YES_AGGRESSIVE;
				GCC_WARN_UNUSED_FUNCTION = YES;
				GCC_WARN_UNUSED_VARIABLE = YES;
				IPHONEOS_DEPLOYMENT_TARGET = 16.4;
				MTL_ENABLE_DEBUG_INFO = NO;
				MTL_FAST_MATH = YES;
				SDKROOT = iphoneos;
				SWIFT_COMPILATION_MODE = wholemodule;
				SWIFT_OPTIMIZATION_LEVEL = "-O";
				VALIDATE_PRODUCT = YES;
			};
			name = Release;
		};
		25F343B82B4C25C00083742C /* Debug */ = {
			isa = XCBuildConfiguration;
			buildSettings = {
				ASSETCATALOG_COMPILER_APPICON_NAME = AppIcon;
				ASSETCATALOG_COMPILER_GLOBAL_ACCENT_COLOR_NAME = AccentColor;
				CODE_SIGN_STYLE = Automatic;
				CURRENT_PROJECT_VERSION = 1;
				DEVELOPMENT_TEAM = QZWP454K86;
				GENERATE_INFOPLIST_FILE = YES;
				INFOPLIST_FILE = TakeMyPaws/Info.plist;
				INFOPLIST_KEY_UIApplicationSupportsIndirectInputEvents = YES;
				INFOPLIST_KEY_UILaunchStoryboardName = LaunchScreen;
				INFOPLIST_KEY_UIMainStoryboardFile = Main;
				INFOPLIST_KEY_UISupportedInterfaceOrientations_iPad = "UIInterfaceOrientationPortrait UIInterfaceOrientationPortraitUpsideDown UIInterfaceOrientationLandscapeLeft UIInterfaceOrientationLandscapeRight";
				INFOPLIST_KEY_UISupportedInterfaceOrientations_iPhone = "UIInterfaceOrientationPortrait UIInterfaceOrientationLandscapeLeft UIInterfaceOrientationLandscapeRight";
				LD_RUNPATH_SEARCH_PATHS = (
					"$(inherited)",
					"@executable_path/Frameworks",
				);
				MARKETING_VERSION = 1.0;
				PRODUCT_BUNDLE_IDENTIFIER = com.ulvi.TakeMyPaws;
				PRODUCT_NAME = "$(TARGET_NAME)";
				SWIFT_EMIT_LOC_STRINGS = YES;
				SWIFT_VERSION = 5.0;
				TARGETED_DEVICE_FAMILY = "1,2";
			};
			name = Debug;
		};
		25F343B92B4C25C00083742C /* Release */ = {
			isa = XCBuildConfiguration;
			buildSettings = {
				ASSETCATALOG_COMPILER_APPICON_NAME = AppIcon;
				ASSETCATALOG_COMPILER_GLOBAL_ACCENT_COLOR_NAME = AccentColor;
				CODE_SIGN_STYLE = Automatic;
				CURRENT_PROJECT_VERSION = 1;
				DEVELOPMENT_TEAM = QZWP454K86;
				GENERATE_INFOPLIST_FILE = YES;
				INFOPLIST_FILE = TakeMyPaws/Info.plist;
				INFOPLIST_KEY_UIApplicationSupportsIndirectInputEvents = YES;
				INFOPLIST_KEY_UILaunchStoryboardName = LaunchScreen;
				INFOPLIST_KEY_UIMainStoryboardFile = Main;
				INFOPLIST_KEY_UISupportedInterfaceOrientations_iPad = "UIInterfaceOrientationPortrait UIInterfaceOrientationPortraitUpsideDown UIInterfaceOrientationLandscapeLeft UIInterfaceOrientationLandscapeRight";
				INFOPLIST_KEY_UISupportedInterfaceOrientations_iPhone = "UIInterfaceOrientationPortrait UIInterfaceOrientationLandscapeLeft UIInterfaceOrientationLandscapeRight";
				LD_RUNPATH_SEARCH_PATHS = (
					"$(inherited)",
					"@executable_path/Frameworks",
				);
				MARKETING_VERSION = 1.0;
				PRODUCT_BUNDLE_IDENTIFIER = com.ulvi.TakeMyPaws;
				PRODUCT_NAME = "$(TARGET_NAME)";
				SWIFT_EMIT_LOC_STRINGS = YES;
				SWIFT_VERSION = 5.0;
				TARGETED_DEVICE_FAMILY = "1,2";
			};
			name = Release;
		};
/* End XCBuildConfiguration section */

/* Begin XCConfigurationList section */
		25F3439E2B4C25BE0083742C /* Build configuration list for PBXProject "TakeMyPaws" */ = {
			isa = XCConfigurationList;
			buildConfigurations = (
				25F343B52B4C25C00083742C /* Debug */,
				25F343B62B4C25C00083742C /* Release */,
			);
			defaultConfigurationIsVisible = 0;
			defaultConfigurationName = Release;
		};
		25F343B72B4C25C00083742C /* Build configuration list for PBXNativeTarget "TakeMyPaws" */ = {
			isa = XCConfigurationList;
			buildConfigurations = (
				25F343B82B4C25C00083742C /* Debug */,
				25F343B92B4C25C00083742C /* Release */,
			);
			defaultConfigurationIsVisible = 0;
			defaultConfigurationName = Release;
		};
/* End XCConfigurationList section */

/* Begin XCRemoteSwiftPackageReference section */
		25294E8E2B691186007A668F /* XCRemoteSwiftPackageReference "realm-swift" */ = {
			isa = XCRemoteSwiftPackageReference;
			repositoryURL = "https://github.com/realm/realm-swift.git";
			requirement = {
				branch = master;
				kind = branch;
			};
		};
		25F343BC2B4C3B330083742C /* XCRemoteSwiftPackageReference "Alamofire" */ = {
			isa = XCRemoteSwiftPackageReference;
			repositoryURL = "https://github.com/Alamofire/Alamofire.git";
			requirement = {
				kind = upToNextMajorVersion;
				minimumVersion = 5.0.0;
			};
		};
		25F343BF2B4C40C80083742C /* XCRemoteSwiftPackageReference "Kingfisher" */ = {
			isa = XCRemoteSwiftPackageReference;
			repositoryURL = "https://github.com/onevcat/Kingfisher.git";
			requirement = {
				kind = upToNextMajorVersion;
				minimumVersion = 7.0.0;
			};
		};
/* End XCRemoteSwiftPackageReference section */

/* Begin XCSwiftPackageProductDependency section */
		25294E8F2B691186007A668F /* Realm */ = {
			isa = XCSwiftPackageProductDependency;
			package = 25294E8E2B691186007A668F /* XCRemoteSwiftPackageReference "realm-swift" */;
			productName = Realm;
		};
		25294E912B691186007A668F /* RealmSwift */ = {
			isa = XCSwiftPackageProductDependency;
			package = 25294E8E2B691186007A668F /* XCRemoteSwiftPackageReference "realm-swift" */;
			productName = RealmSwift;
		};
		25F343BD2B4C3B330083742C /* Alamofire */ = {
			isa = XCSwiftPackageProductDependency;
			package = 25F343BC2B4C3B330083742C /* XCRemoteSwiftPackageReference "Alamofire" */;
			productName = Alamofire;
		};
		25F343C02B4C40C80083742C /* Kingfisher */ = {
			isa = XCSwiftPackageProductDependency;
			package = 25F343BF2B4C40C80083742C /* XCRemoteSwiftPackageReference "Kingfisher" */;
			productName = Kingfisher;
		};
/* End XCSwiftPackageProductDependency section */
	};
	rootObject = 25F3439B2B4C25BE0083742C /* Project object */;
}
